
Microsoft Visual Studio Solution File, Format Version 12.00
# Visual Studio Version 17
VisualStudioVersion = 17.3.32825.248
MinimumVisualStudioVersion = 10.0.40219.1
Project("{FAE04EC0-301F-11D3-BF4B-00C04F79EFBC}") = "Student2", "Student2\Student2.csproj", "{D8C7CEB7-B33E-45D7-8539-33A56ACE975E}"
EndProject
Project("{FAE04EC0-301F-11D3-BF4B-00C04F79EFBC}") = "Student2Tests1", "Student2Tests1\Student2Tests1.csproj", "{95BB70B7-EAC1-44D6-802D-56EA9FC30D6A}"
EndProject
Global
	GlobalSection(SolutionConfigurationPlatforms) = preSolution
		Debug|Any CPU = Debug|Any CPU
		Release|Any CPU = Release|Any CPU
	EndGlobalSection
	GlobalSection(ProjectConfigurationPlatforms) = postSolution
		{D8C7CEB7-B33E-45D7-8539-33A56ACE975E}.Debug|Any CPU.ActiveCfg = Debug|Any CPU
		{D8C7CEB7-B33E-45D7-8539-33A56ACE975E}.Debug|Any CPU.Build.0 = Debug|Any CPU
		{D8C7CEB7-B33E-45D7-8539-33A56ACE975E}.Release|Any CPU.ActiveCfg = Release|Any CPU
		{D8C7CEB7-B33E-45D7-8539-33A56ACE975E}.Release|Any CPU.Build.0 = Release|Any CPU
		{95BB70B7-EAC1-44D6-802D-56EA9FC30D6A}.Debug|Any CPU.ActiveCfg = Debug|Any CPU
		{95BB70B7-EAC1-44D6-802D-56EA9FC30D6A}.Debug|Any CPU.Build.0 = Debug|Any CPU
		{95BB70B7-EAC1-44D6-802D-56EA9FC30D6A}.Release|Any CPU.ActiveCfg = Release|Any CPU
		{95BB70B7-EAC1-44D6-802D-56EA9FC30D6A}.Release|Any CPU.Build.0 = Release|Any CPU
	EndGlobalSection
	GlobalSection(SolutionProperties) = preSolution
		HideSolutionNode = FALSE
	EndGlobalSection
	GlobalSection(ExtensibilityGlobals) = postSolution
		SolutionGuid = {ED6D08AF-24E0-4B1B-8C2E-D2D861D497B2}
	EndGlobalSection
EndGlobal
